
Microsoft Visual Studio Solution File, Format Version 12.00
Project("{FAE04EC0-301F-11D3-BF4B-00C04F79EFBC}") = "TestTask", "TestTask\TestTask.csproj", "{5C7EB96C-CCD9-4DBC-8C6F-99F236EB98A0}"
EndProject
Project("{FAE04EC0-301F-11D3-BF4B-00C04F79EFBC}") = "TestTaskFigures", "TestTaskFigures\TestTaskFigures.csproj", "{DBACACAF-5C03-404B-A75B-714DAEC6EA9F}"
EndProject
Global
	GlobalSection(SolutionConfigurationPlatforms) = preSolution
		Debug|Any CPU = Debug|Any CPU
		Release|Any CPU = Release|Any CPU
	EndGlobalSection
	GlobalSection(ProjectConfigurationPlatforms) = postSolution
		{5C7EB96C-CCD9-4DBC-8C6F-99F236EB98A0}.Debug|Any CPU.ActiveCfg = Debug|Any CPU
		{5C7EB96C-CCD9-4DBC-8C6F-99F236EB98A0}.Debug|Any CPU.Build.0 = Debug|Any CPU
		{5C7EB96C-CCD9-4DBC-8C6F-99F236EB98A0}.Release|Any CPU.ActiveCfg = Release|Any CPU
		{5C7EB96C-CCD9-4DBC-8C6F-99F236EB98A0}.Release|Any CPU.Build.0 = Release|Any CPU
		{DBACACAF-5C03-404B-A75B-714DAEC6EA9F}.Debug|Any CPU.ActiveCfg = Debug|Any CPU
		{DBACACAF-5C03-404B-A75B-714DAEC6EA9F}.Debug|Any CPU.Build.0 = Debug|Any CPU
		{DBACACAF-5C03-404B-A75B-714DAEC6EA9F}.Release|Any CPU.ActiveCfg = Release|Any CPU
		{DBACACAF-5C03-404B-A75B-714DAEC6EA9F}.Release|Any CPU.Build.0 = Release|Any CPU
	EndGlobalSection
EndGlobal
